Microsoft Visual Studio Solution File, Format Version 12.00
# Visual Studio Version 17
VisualStudioVersion = 17.5.2.0
MinimumVisualStudioVersion = 10.0.40219.1
Project("{FAE04EC0-301F-11D3-BF4B-00C04F79EFBC}") = "Fortune Cookie", "Fortune Cookie.csproj", "{4156B27A-ADF8-1C03-E0E3-7F0AED89A000}"
EndProject
Global
	GlobalSection(SolutionConfigurationPlatforms) = preSolution
		Debug|Any CPU = Debug|Any CPU
		Release|Any CPU = Release|Any CPU
	EndGlobalSection
	GlobalSection(ProjectConfigurationPlatforms) = postSolution
		{4156B27A-ADF8-1C03-E0E3-7F0AED89A000}.Debug|Any CPU.ActiveCfg = Debug|Any CPU
		{4156B27A-ADF8-1C03-E0E3-7F0AED89A000}.Debug|Any CPU.Build.0 = Debug|Any CPU
		{4156B27A-ADF8-1C03-E0E3-7F0AED89A000}.Release|Any CPU.ActiveCfg = Release|Any CPU
		{4156B27A-ADF8-1C03-E0E3-7F0AED89A000}.Release|Any CPU.Build.0 = Release|Any CPU
	EndGlobalSection
	GlobalSection(SolutionProperties) = preSolution
		HideSolutionNode = FALSE
	EndGlobalSection
	GlobalSection(ExtensibilityGlobals) = postSolution
		SolutionGuid = {964D6D07-59CA-43B6-9F28-8AA6F8B24554}
	EndGlobalSection
EndGlobal
